
Microsoft Visual Studio Solution File, Format Version 12.00
# Visual Studio Version 17
VisualStudioVersion = 17.14.37301.10 d17.14
MinimumVisualStudioVersion = 10.0.40219.1
Project("{FAE04EC0-301F-11D3-BF4B-00C04F79EFBC}") = "Bai6", "Bai6.csproj", "{CF644385-6147-44B0-9F41-84F56ABC99B1}"
EndProject
Global
	GlobalSection(SolutionConfigurationPlatforms) = preSolution
		Debug|Any CPU = Debug|Any CPU
		Release|Any CPU = Release|Any CPU
	EndGlobalSection
	GlobalSection(ProjectConfigurationPlatforms) = postSolution
		{CF644385-6147-44B0-9F41-84F56ABC99B1}.Debug|Any CPU.ActiveCfg = Debug|Any CPU
		{CF644385-6147-44B0-9F41-84F56ABC99B1}.Debug|Any CPU.Build.0 = Debug|Any CPU
		{CF644385-6147-44B0-9F41-84F56ABC99B1}.Release|Any CPU.ActiveCfg = Release|Any CPU
		{CF644385-6147-44B0-9F41-84F56ABC99B1}.Release|Any CPU.Build.0 = Release|Any CPU
	EndGlobalSection
	GlobalSection(SolutionProperties) = preSolution
		HideSolutionNode = FALSE
	EndGlobalSection
	GlobalSection(ExtensibilityGlobals) = postSolution
		SolutionGuid = {8C0ADE9B-44DC-4166-9026-2DCA31467A99}
	EndGlobalSection
EndGlobal
