
Microsoft Visual Studio Solution File, Format Version 12.00
# Visual Studio Version 17
VisualStudioVersion = 17.14.37301.10 d17.14
MinimumVisualStudioVersion = 10.0.40219.1
Project("{FAE04EC0-301F-11D3-BF4B-00C04F79EFBC}") = "WebApplication1", "WebApplication1.csproj", "{A455D214-4328-45BF-A3AF-6156F336A7D9}"
EndProject
Global
	GlobalSection(SolutionConfigurationPlatforms) = preSolution
		Debug|Any CPU = Debug|Any CPU
		Release|Any CPU = Release|Any CPU
	EndGlobalSection
	GlobalSection(ProjectConfigurationPlatforms) = postSolution
		{A455D214-4328-45BF-A3AF-6156F336A7D9}.Debug|Any CPU.ActiveCfg = Debug|Any CPU
		{A455D214-4328-45BF-A3AF-6156F336A7D9}.Debug|Any CPU.Build.0 = Debug|Any CPU
		{A455D214-4328-45BF-A3AF-6156F336A7D9}.Release|Any CPU.ActiveCfg = Release|Any CPU
		{A455D214-4328-45BF-A3AF-6156F336A7D9}.Release|Any CPU.Build.0 = Release|Any CPU
	EndGlobalSection
	GlobalSection(SolutionProperties) = preSolution
		HideSolutionNode = FALSE
	EndGlobalSection
	GlobalSection(ExtensibilityGlobals) = postSolution
		SolutionGuid = {AF4B6D48-706D-45C2-B916-A0371E8DB75F}
	EndGlobalSection
EndGlobal
