
Microsoft Visual Studio Solution File, Format Version 12.00
# Visual Studio Version 17
VisualStudioVersion = 17.14.37301.10 d17.14
MinimumVisualStudioVersion = 10.0.40219.1
Project("{FAE04EC0-301F-11D3-BF4B-00C04F79EFBC}") = "bai4_5", "bai4_5.csproj", "{208EAE5B-A978-4D2F-8087-0E6D1BEAB18F}"
EndProject
Global
	GlobalSection(SolutionConfigurationPlatforms) = preSolution
		Debug|Any CPU = Debug|Any CPU
		Release|Any CPU = Release|Any CPU
	EndGlobalSection
	GlobalSection(ProjectConfigurationPlatforms) = postSolution
		{208EAE5B-A978-4D2F-8087-0E6D1BEAB18F}.Debug|Any CPU.ActiveCfg = Debug|Any CPU
		{208EAE5B-A978-4D2F-8087-0E6D1BEAB18F}.Debug|Any CPU.Build.0 = Debug|Any CPU
		{208EAE5B-A978-4D2F-8087-0E6D1BEAB18F}.Release|Any CPU.ActiveCfg = Release|Any CPU
		{208EAE5B-A978-4D2F-8087-0E6D1BEAB18F}.Release|Any CPU.Build.0 = Release|Any CPU
	EndGlobalSection
	GlobalSection(SolutionProperties) = preSolution
		HideSolutionNode = FALSE
	EndGlobalSection
	GlobalSection(ExtensibilityGlobals) = postSolution
		SolutionGuid = {2B306E38-9A5D-4E4C-A650-F663A4048767}
	EndGlobalSection
EndGlobal
