
Microsoft Visual Studio Solution File, Format Version 12.00
# Visual Studio Version 17
VisualStudioVersion = 17.14.37301.10 d17.14
MinimumVisualStudioVersion = 10.0.40219.1
Project("{FAE04EC0-301F-11D3-BF4B-00C04F79EFBC}") = "baitapbuoi4", "baitapbuoi4.csproj", "{AEC43833-EE86-413C-84F1-46A8A8040E3D}"
EndProject
Global
	GlobalSection(SolutionConfigurationPlatforms) = preSolution
		Debug|Any CPU = Debug|Any CPU
		Release|Any CPU = Release|Any CPU
	EndGlobalSection
	GlobalSection(ProjectConfigurationPlatforms) = postSolution
		{AEC43833-EE86-413C-84F1-46A8A8040E3D}.Debug|Any CPU.ActiveCfg = Debug|Any CPU
		{AEC43833-EE86-413C-84F1-46A8A8040E3D}.Debug|Any CPU.Build.0 = Debug|Any CPU
		{AEC43833-EE86-413C-84F1-46A8A8040E3D}.Release|Any CPU.ActiveCfg = Release|Any CPU
		{AEC43833-EE86-413C-84F1-46A8A8040E3D}.Release|Any CPU.Build.0 = Release|Any CPU
	EndGlobalSection
	GlobalSection(SolutionProperties) = preSolution
		HideSolutionNode = FALSE
	EndGlobalSection
	GlobalSection(ExtensibilityGlobals) = postSolution
		SolutionGuid = {3A3FB084-BFD4-471D-BCAE-1EF4F4446C86}
	EndGlobalSection
EndGlobal
